{
  "name": "@mio/server",
  "version": "1.0.0",
  "lockfileVersion": 3,
  "requires": true,
  "packages": {
    "": {
      "name": "@mio/server",
      "version": "1.0.0",
      "dependencies": {
        "@mio/agent": "file:../../npm",
        "ws": "^8.18.0"
      }
    },
    "../../npm": {
      "name": "@mio/agent",
      "version": "1.0.0",
      "license": "MIT",
      "dependencies": {
        "@sinclair/typebox": "^0.32.0",
        "chalk": "^5.3.0",
        "dotenv": "^16.4.5",
        "ink": "^5.0.1",
        "ink-text-input": "^6.0.0",
        "react": "^18.3.1",
        "tsx": "^4.15.0"
      },
      "bin": {
        "mio-mcp": "bin/mio-mcp",
        "mioctl": "bin/mioctl"
      },
      "devDependencies": {
        "@types/node": "^20.19.41",
        "@types/react": "^18.3.29",
        "typescript": "^5.9.3"
      },
      "engines": {
        "node": ">=20.0.0"
      }
    },
    "node_modules/@mio/agent": {
      "resolved": "../../npm",
      "link": true
    },
    "node_modules/ws": {
      "version": "8.21.0",
      "resolved": "https://registry.npmjs.org/ws/-/ws-8.21.0.tgz",
      "integrity": "sha512-Vsp28b7DRcimFQvrqu2Wek3z1iYxDCWqHYB8Qsnk/S4RfaCQzPGPyBNuVjJV3cd6UiKtUtp6sNM77gWvzcCH+g==",
      "license": "MIT",
      "engines": {
        "node": ">=10.0.0"
      },
      "peerDependencies": {
        "bufferutil": "^4.0.1",
        "utf-8-validate": ">=5.0.2"
      },
      "peerDependenciesMeta": {
        "bufferutil": {
          "optional": true
        },
        "utf-8-validate": {
          "optional": true
        }
      }
    }
  }
}
